// !$*UTF8*$!
{
	archiveVersion = 1;
	classes = {
	};
	objectVersion = 46;
	objects = {

/* Begin PBXBuildFile section */
		497D36241D10B32F006B4608 /* AppDelegate.swift in Sources */ = {isa = PBXBuildFile; fileRef = 497D36231D10B32F006B4608 /* AppDelegate.swift */; };
		497D36261D10B32F006B4608 /* StartViewController.swift in Sources */ = {isa = PBXBuildFile; fileRef = 497D36251D10B32F006B4608 /* StartViewController.swift */; };
		497D36291D10B32F006B4608 /* Main.storyboard in Resources */ = {isa = PBXBuildFile; fileRef = 497D36271D10B32F006B4608 /* Main.storyboard */; };
		497D362B1D10B32F006B4608 /* Assets.xcassets in Resources */ = {isa = PBXBuildFile; fileRef = 497D362A1D10B32F006B4608 /* Assets.xcassets */; };
		497D362E1D10B32F006B4608 /* LaunchScreen.storyboard in Resources */ = {isa = PBXBuildFile; fileRef = 497D362C1D10B32F006B4608 /* LaunchScreen.storyboard */; };
		497D36391D10B32F006B4608 /* ComedyErrorsTests.swift in Sources */ = {isa = PBXBuildFile; fileRef = 497D36381D10B32F006B4608 /* ComedyErrorsTests.swift */; };
		497D36441D10B32F006B4608 /* ComedyErrorsUITests.swift in Sources */ = {isa = PBXBuildFile; fileRef = 497D36431D10B32F006B4608 /* ComedyErrorsUITests.swift */; };
		497D36521D10B903006B4608 /* CEButton.swift in Sources */ = {isa = PBXBuildFile; fileRef = 497D36511D10B903006B4608 /* CEButton.swift */; };
		497D36541D10BF0E006B4608 /* QuestionViewController.swift in Sources */ = {isa = PBXBuildFile; fileRef = 497D36531D10BF0E006B4608 /* QuestionViewController.swift */; };
		497D36561D10D508006B4608 /* QuestionServer.swift in Sources */ = {isa = PBXBuildFile; fileRef = 497D36551D10D508006B4608 /* QuestionServer.swift */; };
		497D36581D10D570006B4608 /* CEQuestion.swift in Sources */ = {isa = PBXBuildFile; fileRef = 497D36571D10D570006B4608 /* CEQuestion.swift */; };
		497D365A1D10D593006B4608 /* CEAnswer.swift in Sources */ = {isa = PBXBuildFile; fileRef = 497D36591D10D593006B4608 /* CEAnswer.swift */; };
		497D365C1D10D6DA006B4608 /* CECharacter.swift in Sources */ = {isa = PBXBuildFile; fileRef = 497D365B1D10D6DA006B4608 /* CECharacter.swift */; };
		497D365E1D10DD48006B4608 /* CEThumbnail.swift in Sources */ = {isa = PBXBuildFile; fileRef = 497D365D1D10DD48006B4608 /* CEThumbnail.swift */; };
		497D36601D10F543006B4608 /* CEAnswerTableViewCell.swift in Sources */ = {isa = PBXBuildFile; fileRef = 497D365F1D10F543006B4608 /* CEAnswerTableViewCell.swift */; };
		49F070B01D1751B40081FFF9 /* Test.question in Resources */ = {isa = PBXBuildFile; fileRef = 49F070AF1D1751B40081FFF9 /* Test.question */; };
		49F070B21D1753130081FFF9 /* QuestionParser.swift in Sources */ = {isa = PBXBuildFile; fileRef = 49F070B11D1753130081FFF9 /* QuestionParser.swift */; };
		49F070B41D17A14A0081FFF9 /* AnswerParser.swift in Sources */ = {isa = PBXBuildFile; fileRef = 49F070B31D17A14A0081FFF9 /* AnswerParser.swift */; };
		49F070B61D17B80E0081FFF9 /* CharacterParser.swift in Sources */ = {isa = PBXBuildFile; fileRef = 49F070B51D17B80E0081FFF9 /* CharacterParser.swift */; };
		49F070B81D17B85F0081FFF9 /* Test.character in Resources */ = {isa = PBXBuildFile; fileRef = 49F070B71D17B85F0081FFF9 /* Test.character */; };
		49F070BA1D1AD8DC0081FFF9 /* 1.question in Resources */ = {isa = PBXBuildFile; fileRef = 49F070B91D1AD8DC0081FFF9 /* 1.question */; };
		49FFF0FD1D15EA1A00E93C1D /* ResultsViewController.swift in Sources */ = {isa = PBXBuildFile; fileRef = 49FFF0FC1D15EA1A00E93C1D /* ResultsViewController.swift */; };
		49FFF0FF1D15ED3700E93C1D /* AvatarIcon.swift in Sources */ = {isa = PBXBuildFile; fileRef = 49FFF0FE1D15ED3700E93C1D /* AvatarIcon.swift */; };
/* End PBXBuildFile section */

/* Begin PBXContainerItemProxy section */
		497D36351D10B32F006B4608 /* PBXContainerItemProxy */ = {
			isa = PBXContainerItemProxy;
			containerPortal = 497D36181D10B32F006B4608 /* Project object */;
			proxyType = 1;
			remoteGlobalIDString = 497D361F1D10B32F006B4608;
			remoteInfo = ComedyErrors;
		};
		497D36401D10B32F006B4608 /* PBXContainerItemProxy */ = {
			isa = PBXContainerItemProxy;
			containerPortal = 497D36181D10B32F006B4608 /* Project object */;
			proxyType = 1;
			remoteGlobalIDString = 497D361F1D10B32F006B4608;
			remoteInfo = ComedyErrors;
		};
/* End PBXContainerItemProxy section */

/* Begin PBXFileReference section */
		497D36201D10B32F006B4608 /* ComedyErrors.app */ = {isa = PBXFileReference; explicitFileType = wrapper.application; includeInIndex = 0; path = ComedyErrors.app; sourceTree = BUILT_PRODUCTS_DIR; };
		497D36231D10B32F006B4608 /* AppDelegate.swift */ = {isa = PBXFileReference; lastKnownFileType = sourcecode.swift; path = AppDelegate.swift; sourceTree = "<group>"; };
		497D36251D10B32F006B4608 /* StartViewController.swift */ = {isa = PBXFileReference; lastKnownFileType = sourcecode.swift; path = StartViewController.swift; sourceTree = "<group>"; };
		497D36281D10B32F006B4608 /* Base */ = {isa = PBXFileReference; lastKnownFileType = file.storyboard; name = Base; path = Base.lproj/Main.storyboard; sourceTree = "<group>"; };
		497D362A1D10B32F006B4608 /* Assets.xcassets */ = {isa = PBXFileReference; lastKnownFileType = folder.assetcatalog; path = Assets.xcassets; sourceTree = "<group>"; };
		497D362D1D10B32F006B4608 /* Base */ = {isa = PBXFileReference; lastKnownFileType = file.storyboard; name = Base; path = Base.lproj/LaunchScreen.storyboard; sourceTree = "<group>"; };
		497D362F1D10B32F006B4608 /* Info.plist */ = {isa = PBXFileReference; lastKnownFileType = text.plist.xml; path = Info.plist; sourceTree = "<group>"; };
		497D36341D10B32F006B4608 /* ComedyErrorsTests.xctest */ = {isa = PBXFileReference; explicitFileType = wrapper.cfbundle; includeInIndex = 0; path = ComedyErrorsTests.xctest; sourceTree = BUILT_PRODUCTS_DIR; };
		497D36381D10B32F006B4608 /* ComedyErrorsTests.swift */ = {isa = PBXFileReference; lastKnownFileType = sourcecode.swift; path = ComedyErrorsTests.swift; sourceTree = "<group>"; };
		497D363A1D10B32F006B4608 /* Info.plist */ = {isa = PBXFileReference; lastKnownFileType = text.plist.xml; path = Info.plist; sourceTree = "<group>"; };
		497D363F1D10B32F006B4608 /* ComedyErrorsUITests.xctest */ = {isa = PBXFileReference; explicitFileType = wrapper.cfbundle; includeInIndex = 0; path = ComedyErrorsUITests.xctest; sourceTree = BUILT_PRODUCTS_DIR; };
		497D36431D10B32F006B4608 /* ComedyErrorsUITests.swift */ = {isa = PBXFileReference; lastKnownFileType = sourcecode.swift; path = ComedyErrorsUITests.swift; sourceTree = "<group>"; };
		497D36451D10B32F006B4608 /* Info.plist */ = {isa = PBXFileReference; lastKnownFileType = text.plist.xml; path = Info.plist; sourceTree = "<group>"; };
		497D36511D10B903006B4608 /* CEButton.swift */ = {isa = PBXFileReference; fileEncoding = 4; lastKnownFileType = sourcecode.swift; path = CEButton.swift; sourceTree = "<group>"; };
		497D36531D10BF0E006B4608 /* QuestionViewController.swift */ = {isa = PBXFileReference; fileEncoding = 4; lastKnownFileType = sourcecode.swift; path = QuestionViewController.swift; sourceTree = "<group>"; };
		497D36551D10D508006B4608 /* QuestionServer.swift */ = {isa = PBXFileReference; fileEncoding = 4; lastKnownFileType = sourcecode.swift; path = QuestionServer.swift; sourceTree = "<group>"; };
		497D36571D10D570006B4608 /* CEQuestion.swift */ = {isa = PBXFileReference; fileEncoding = 4; lastKnownFileType = sourcecode.swift; path = CEQuestion.swift; sourceTree = "<group>"; };
		497D36591D10D593006B4608 /* CEAnswer.swift */ = {isa = PBXFileReference; fileEncoding = 4; lastKnownFileType = sourcecode.swift; path = CEAnswer.swift; sourceTree = "<group>"; };
		497D365B1D10D6DA006B4608 /* CECharacter.swift */ = {isa = PBXFileReference; fileEncoding = 4; lastKnownFileType = sourcecode.swift; path = CECharacter.swift; sourceTree = "<group>"; };
		497D365D1D10DD48006B4608 /* CEThumbnail.swift */ = {isa = PBXFileReference; fileEncoding = 4; lastKnownFileType = sourcecode.swift; path = CEThumbnail.swift; sourceTree = "<group>"; };
		497D365F1D10F543006B4608 /* CEAnswerTableViewCell.swift */ = {isa = PBXFileReference; fileEncoding = 4; lastKnownFileType = sourcecode.swift; path = CEAnswerTableViewCell.swift; sourceTree = "<group>"; };
		49F070AF1D1751B40081FFF9 /* Test.question */ = {isa = PBXFileReference; fileEncoding = 4; lastKnownFileType = text; path = Test.question; sourceTree = "<group>"; };
		49F070B11D1753130081FFF9 /* QuestionParser.swift */ = {isa = PBXFileReference; fileEncoding = 4; lastKnownFileType = sourcecode.swift; path = QuestionParser.swift; sourceTree = "<group>"; };
		49F070B31D17A14A0081FFF9 /* AnswerParser.swift */ = {isa = PBXFileReference; fileEncoding = 4; lastKnownFileType = sourcecode.swift; path = AnswerParser.swift; sourceTree = "<group>"; };
		49F070B51D17B80E0081FFF9 /* CharacterParser.swift */ = {isa = PBXFileReference; fileEncoding = 4; lastKnownFileType = sourcecode.swift; path = CharacterParser.swift; sourceTree = "<group>"; };
		49F070B71D17B85F0081FFF9 /* Test.character */ = {isa = PBXFileReference; fileEncoding = 4; lastKnownFileType = text; path = Test.character; sourceTree = "<group>"; };
		49F070B91D1AD8DC0081FFF9 /* 1.question */ = {isa = PBXFileReference; fileEncoding = 4; lastKnownFileType = text; path = 1.question; sourceTree = "<group>"; };
		49FFF0FC1D15EA1A00E93C1D /* ResultsViewController.swift */ = {isa = PBXFileReference; fileEncoding = 4; lastKnownFileType = sourcecode.swift; path = ResultsViewController.swift; sourceTree = "<group>"; };
		49FFF0FE1D15ED3700E93C1D /* AvatarIcon.swift */ = {isa = PBXFileReference; fileEncoding = 4; lastKnownFileType = sourcecode.swift; path = AvatarIcon.swift; sourceTree = "<group>"; };
/* End PBXFileReference section */

/* Begin PBXFrameworksBuildPhase section */
		497D361D1D10B32F006B4608 /* Frameworks */ = {
			isa = PBXFrameworksBuildPhase;
			buildActionMask = 2147483647;
			files = (
			);
			runOnlyForDeploymentPostprocessing = 0;
		};
		497D36311D10B32F006B4608 /* Frameworks */ = {
			isa = PBXFrameworksBuildPhase;
			buildActionMask = 2147483647;
			files = (
			);
			runOnlyForDeploymentPostprocessing = 0;
		};
		497D363C1D10B32F006B4608 /* Frameworks */ = {
			isa = PBXFrameworksBuildPhase;
			buildActionMask = 2147483647;
			files = (
			);
			runOnlyForDeploymentPostprocessing = 0;
		};
/* End PBXFrameworksBuildPhase section */

/* Begin PBXGroup section */
		497D36171D10B32F006B4608 = {
			isa = PBXGroup;
			children = (
				497D36221D10B32F006B4608 /* ComedyErrors */,
				497D36371D10B32F006B4608 /* ComedyErrorsTests */,
				497D36421D10B32F006B4608 /* ComedyErrorsUITests */,
				497D36211D10B32F006B4608 /* Products */,
			);
			sourceTree = "<group>";
		};
		497D36211D10B32F006B4608 /* Products */ = {
			isa = PBXGroup;
			children = (
				497D36201D10B32F006B4608 /* ComedyErrors.app */,
				497D36341D10B32F006B4608 /* ComedyErrorsTests.xctest */,
				497D363F1D10B32F006B4608 /* ComedyErrorsUITests.xctest */,
			);
			name = Products;
			sourceTree = "<group>";
		};
		497D36221D10B32F006B4608 /* ComedyErrors */ = {
			isa = PBXGroup;
			children = (
				497D36231D10B32F006B4608 /* AppDelegate.swift */,
				497D36251D10B32F006B4608 /* StartViewController.swift */,
				497D36511D10B903006B4608 /* CEButton.swift */,
				497D36531D10BF0E006B4608 /* QuestionViewController.swift */,
				49FFF0FC1D15EA1A00E93C1D /* ResultsViewController.swift */,
				49F070AF1D1751B40081FFF9 /* Test.question */,
				49F070BB1D1AD8E60081FFF9 /* Questions */,
				49F070B71D17B85F0081FFF9 /* Test.character */,
				49F070B11D1753130081FFF9 /* QuestionParser.swift */,
				49F070B31D17A14A0081FFF9 /* AnswerParser.swift */,
				49F070B51D17B80E0081FFF9 /* CharacterParser.swift */,
				497D365F1D10F543006B4608 /* CEAnswerTableViewCell.swift */,
				497D365D1D10DD48006B4608 /* CEThumbnail.swift */,
				497D36551D10D508006B4608 /* QuestionServer.swift */,
				497D36571D10D570006B4608 /* CEQuestion.swift */,
				497D36591D10D593006B4608 /* CEAnswer.swift */,
				497D365B1D10D6DA006B4608 /* CECharacter.swift */,
				49FFF0FE1D15ED3700E93C1D /* AvatarIcon.swift */,
				497D36271D10B32F006B4608 /* Main.storyboard */,
				497D362A1D10B32F006B4608 /* Assets.xcassets */,
				497D362C1D10B32F006B4608 /* LaunchScreen.storyboard */,
				497D362F1D10B32F006B4608 /* Info.plist */,
			);
			path = ComedyErrors;
			sourceTree = "<group>";
		};
		497D36371D10B32F006B4608 /* ComedyErrorsTests */ = {
			isa = PBXGroup;
			children = (
				497D36381D10B32F006B4608 /* ComedyErrorsTests.swift */,
				497D363A1D10B32F006B4608 /* Info.plist */,
			);
			path = ComedyErrorsTests;
			sourceTree = "<group>";
		};
		497D36421D10B32F006B4608 /* ComedyErrorsUITests */ = {
			isa = PBXGroup;
			children = (
				497D36431D10B32F006B4608 /* ComedyErrorsUITests.swift */,
				497D36451D10B32F006B4608 /* Info.plist */,
			);
			path = ComedyErrorsUITests;
			sourceTree = "<group>";
		};
		49F070BB1D1AD8E60081FFF9 /* Questions */ = {
			isa = PBXGroup;
			children = (
				49F070B91D1AD8DC0081FFF9 /* 1.question */,
			);
			name = Questions;
			sourceTree = "<group>";
		};
/* End PBXGroup section */

/* Begin PBXNativeTarget section */
		497D361F1D10B32F006B4608 /* ComedyErrors */ = {
			isa = PBXNativeTarget;
			buildConfigurationList = 497D36481D10B32F006B4608 /* Build configuration list for PBXNativeTarget "ComedyErrors" */;
			buildPhases = (
				497D361C1D10B32F006B4608 /* Sources */,
				497D361D1D10B32F006B4608 /* Frameworks */,
				497D361E1D10B32F006B4608 /* Resources */,
			);
			buildRules = (
			);
			dependencies = (
			);
			name = ComedyErrors;
			productName = ComedyErrors;
			productReference = 497D36201D10B32F006B4608 /* ComedyErrors.app */;
			productType = "com.apple.product-type.application";
		};
		497D36331D10B32F006B4608 /* ComedyErrorsTests */ = {
			isa = PBXNativeTarget;
			buildConfigurationList = 497D364B1D10B32F006B4608 /* Build configuration list for PBXNativeTarget "ComedyErrorsTests" */;
			buildPhases = (
				497D36301D10B32F006B4608 /* Sources */,
				497D36311D10B32F006B4608 /* Frameworks */,
				497D36321D10B32F006B4608 /* Resources */,
			);
			buildRules = (
			);
			dependencies = (
				497D36361D10B32F006B4608 /* PBXTargetDependency */,
			);
			name = ComedyErrorsTests;
			productName = ComedyErrorsTests;
			productReference = 497D36341D10B32F006B4608 /* ComedyErrorsTests.xctest */;
			productType = "com.apple.product-type.bundle.unit-test";
		};
		497D363E1D10B32F006B4608 /* ComedyErrorsUITests */ = {
			isa = PBXNativeTarget;
			buildConfigurationList = 497D364E1D10B32F006B4608 /* Build configuration list for PBXNativeTarget "ComedyErrorsUITests" */;
			buildPhases = (
				497D363B1D10B32F006B4608 /* Sources */,
				497D363C1D10B32F006B4608 /* Frameworks */,
				497D363D1D10B32F006B4608 /* Resources */,
			);
			buildRules = (
			);
			dependencies = (
				497D36411D10B32F006B4608 /* PBXTargetDependency */,
			);
			name = ComedyErrorsUITests;
			productName = ComedyErrorsUITests;
			productReference = 497D363F1D10B32F006B4608 /* ComedyErrorsUITests.xctest */;
			productType = "com.apple.product-type.bundle.ui-testing";
		};
/* End PBXNativeTarget section */

/* Begin PBXProject section */
		497D36181D10B32F006B4608 /* Project object */ = {
			isa = PBXProject;
			attributes = {
				LastSwiftUpdateCheck = 0730;
				LastUpgradeCheck = 0730;
				ORGANIZATIONNAME = "Andrew Arnopoulos";
				TargetAttributes = {
					497D361F1D10B32F006B4608 = {
						CreatedOnToolsVersion = 7.3.1;
					};
					497D36331D10B32F006B4608 = {
						CreatedOnToolsVersion = 7.3.1;
						TestTargetID = 497D361F1D10B32F006B4608;
					};
					497D363E1D10B32F006B4608 = {
						CreatedOnToolsVersion = 7.3.1;
						TestTargetID = 497D361F1D10B32F006B4608;
					};
				};
			};
			buildConfigurationList = 497D361B1D10B32F006B4608 /* Build configuration list for PBXProject "ComedyErrors" */;
			compatibilityVersion = "Xcode 3.2";
			developmentRegion = English;
			hasScannedForEncodings = 0;
			knownRegions = (
				en,
				Base,
			);
			mainGroup = 497D36171D10B32F006B4608;
			productRefGroup = 497D36211D10B32F006B4608 /* Products */;
			projectDirPath = "";
			projectRoot = "";
			targets = (
				497D361F1D10B32F006B4608 /* ComedyErrors */,
				497D36331D10B32F006B4608 /* ComedyErrorsTests */,
				497D363E1D10B32F006B4608 /* ComedyErrorsUITests */,
			);
		};
/* End PBXProject section */

/* Begin PBXResourcesBuildPhase section */
		497D361E1D10B32F006B4608 /* Resources */ = {
			isa = PBXResourcesBuildPhase;
			buildActionMask = 2147483647;
			files = (
				497D362E1D10B32F006B4608 /* LaunchScreen.storyboard in Resources */,
				49F070BA1D1AD8DC0081FFF9 /* 1.question in Resources */,
				497D362B1D10B32F006B4608 /* Assets.xcassets in Resources */,
				49F070B81D17B85F0081FFF9 /* Test.character in Resources */,
				497D36291D10B32F006B4608 /* Main.storyboard in Resources */,
				49F070B01D1751B40081FFF9 /* Test.question in Resources */,
			);
			runOnlyForDeploymentPostprocessing = 0;
		};
		497D36321D10B32F006B4608 /* Resources */ = {
			isa = PBXResourcesBuildPhase;
			buildActionMask = 2147483647;
			files = (
			);
			runOnlyForDeploymentPostprocessing = 0;
		};
		497D363D1D10B32F006B4608 /* Resources */ = {
			isa = PBXResourcesBuildPhase;
			buildActionMask = 2147483647;
			files = (
			);
			runOnlyForDeploymentPostprocessing = 0;
		};
/* End PBXResourcesBuildPhase section */

/* Begin PBXSourcesBuildPhase section */
		497D361C1D10B32F006B4608 /* Sources */ = {
			isa = PBXSourcesBuildPhase;
			buildActionMask = 2147483647;
			files = (
				49F070B41D17A14A0081FFF9 /* AnswerParser.swift in Sources */,
				49FFF0FD1D15EA1A00E93C1D /* ResultsViewController.swift in Sources */,
				497D36261D10B32F006B4608 /* StartViewController.swift in Sources */,
				497D365C1D10D6DA006B4608 /* CECharacter.swift in Sources */,
				49FFF0FF1D15ED3700E93C1D /* AvatarIcon.swift in Sources */,
				497D36241D10B32F006B4608 /* AppDelegate.swift in Sources */,
				49F070B61D17B80E0081FFF9 /* CharacterParser.swift in Sources */,
				497D36561D10D508006B4608 /* QuestionServer.swift in Sources */,
				497D365A1D10D593006B4608 /* CEAnswer.swift in Sources */,
				49F070B21D1753130081FFF9 /* QuestionParser.swift in Sources */,
				497D36581D10D570006B4608 /* CEQuestion.swift in Sources */,
				497D365E1D10DD48006B4608 /* CEThumbnail.swift in Sources */,
				497D36541D10BF0E006B4608 /* QuestionViewController.swift in Sources */,
				497D36521D10B903006B4608 /* CEButton.swift in Sources */,
				497D36601D10F543006B4608 /* CEAnswerTableViewCell.swift in Sources */,
			);
			runOnlyForDeploymentPostprocessing = 0;
		};
		497D36301D10B32F006B4608 /* Sources */ = {
			isa = PBXSourcesBuildPhase;
			buildActionMask = 2147483647;
			files = (
				497D36391D10B32F006B4608 /* ComedyErrorsTests.swift in Sources */,
			);
			runOnlyForDeploymentPostprocessing = 0;
		};
		497D363B1D10B32F006B4608 /* Sources */ = {
			isa = PBXSourcesBuildPhase;
			buildActionMask = 2147483647;
			files = (
				497D36441D10B32F006B4608 /* ComedyErrorsUITests.swift in Sources */,
			);
			runOnlyForDeploymentPostprocessing = 0;
		};
/* End PBXSourcesBuildPhase section */

/* Begin PBXTargetDependency section */
		497D36361D10B32F006B4608 /* PBXTargetDependency */ = {
			isa = PBXTargetDependency;
			target = 497D361F1D10B32F006B4608 /* ComedyErrors */;
			targetProxy = 497D36351D10B32F006B4608 /* PBXContainerItemProxy */;
		};
		497D36411D10B32F006B4608 /* PBXTargetDependency */ = {
			isa = PBXTargetDependency;
			target = 497D361F1D10B32F006B4608 /* ComedyErrors */;
			targetProxy = 497D36401D10B32F006B4608 /* PBXContainerItemProxy */;
		};
/* End PBXTargetDependency section */

/* Begin PBXVariantGroup section */
		497D36271D10B32F006B4608 /* Main.storyboard */ = {
			isa = PBXVariantGroup;
			children = (
				497D36281D10B32F006B4608 /* Base */,
			);
			name = Main.storyboard;
			sourceTree = "<group>";
		};
		497D362C1D10B32F006B4608 /* LaunchScreen.storyboard */ = {
			isa = PBXVariantGroup;
			children = (
				497D362D1D10B32F006B4608 /* Base */,
			);
			name = LaunchScreen.storyboard;
			sourceTree = "<group>";
		};
/* End PBXVariantGroup section */

/* Begin XCBuildConfiguration section */
		497D36461D10B32F006B4608 /* Debug */ = {
			isa = XCBuildConfiguration;
			buildSettings = {
				ALWAYS_SEARCH_USER_PATHS = NO;
				CLANG_ANALYZER_NONNULL = YES;
				CLANG_CXX_LANGUAGE_STANDARD = "gnu++0x";
				CLANG_CXX_LIBRARY = "libc++";
				CLANG_ENABLE_MODULES = YES;
				CLANG_ENABLE_OBJC_ARC = YES;
				CLANG_WARN_BOOL_CONVERSION = YES;
				CLANG_WARN_CONSTANT_CONVERSION = YES;
				CLANG_WARN_DIRECT_OBJC_ISA_USAGE = YES_ERROR;
				CLANG_WARN_EMPTY_BODY = YES;
				CLANG_WARN_ENUM_CONVERSION = YES;
				CLANG_WARN_INT_CONVERSION = YES;
				CLANG_WARN_OBJC_ROOT_CLASS = YES_ERROR;
				CLANG_WARN_UNREACHABLE_CODE = YES;
				CLANG_WARN__DUPLICATE_METHOD_MATCH = YES;
				"CODE_SIGN_IDENTITY[sdk=iphoneos*]" = "iPhone Developer";
				COPY_PHASE_STRIP = NO;
				DEBUG_INFORMATION_FORMAT = dwarf;
				ENABLE_STRICT_OBJC_MSGSEND = YES;
				ENABLE_TESTABILITY = YES;
				GCC_C_LANGUAGE_STANDARD = gnu99;
				GCC_DYNAMIC_NO_PIC = NO;
				GCC_NO_COMMON_BLOCKS = YES;
				GCC_OPTIMIZATION_LEVEL = 0;
				GCC_PREPROCESSOR_DEFINITIONS = (
					"DEBUG=1",
					"$(inherited)",
				);
				GCC_WARN_64_TO_32_BIT_CONVERSION = YES;
				GCC_WARN_ABOUT_RETURN_TYPE = YES_ERROR;
				GCC_WARN_UNDECLARED_SELECTOR = YES;
				GCC_WARN_UNINITIALIZED_AUTOS = YES_AGGRESSIVE;
				GCC_WARN_UNUSED_FUNCTION = YES;
				GCC_WARN_UNUSED_VARIABLE = YES;
				IPHONEOS_DEPLOYMENT_TARGET = 9.3;
				MTL_ENABLE_DEBUG_INFO = YES;
				ONLY_ACTIVE_ARCH = YES;
				SDKROOT = iphoneos;
				SWIFT_OPTIMIZATION_LEVEL = "-Onone";
			};
			name = Debug;
		};
		497D36471D10B32F006B4608 /* Release */ = {
			isa = XCBuildConfiguration;
			buildSettings = {
				ALWAYS_SEARCH_USER_PATHS = NO;
				CLANG_ANALYZER_NONNULL = YES;
				CLANG_CXX_LANGUAGE_STANDARD = "gnu++0x";
				CLANG_CXX_LIBRARY = "libc++";
				CLANG_ENABLE_MODULES = YES;
				CLANG_ENABLE_OBJC_ARC = YES;
				CLANG_WARN_BOOL_CONVERSION = YES;
				CLANG_WARN_CONSTANT_CONVERSION = YES;
				CLANG_WARN_DIRECT_OBJC_ISA_USAGE = YES_ERROR;
				CLANG_WARN_EMPTY_BODY = YES;
				CLANG_WARN_ENUM_CONVERSION = YES;
				CLANG_WARN_INT_CONVERSION = YES;
				CLANG_WARN_OBJC_ROOT_CLASS = YES_ERROR;
				CLANG_WARN_UNREACHABLE_CODE = YES;
				CLANG_WARN__DUPLICATE_METHOD_MATCH = YES;
				"CODE_SIGN_IDENTITY[sdk=iphoneos*]" = "iPhone Developer";
				COPY_PHASE_STRIP = NO;
				DEBUG_INFORMATION_FORMAT = "dwarf-with-dsym";
				ENABLE_NS_ASSERTIONS = NO;
				ENABLE_STRICT_OBJC_MSGSEND = YES;
				GCC_C_LANGUAGE_STANDARD = gnu99;
				GCC_NO_COMMON_BLOCKS = YES;
				GCC_WARN_64_TO_32_BIT_CONVERSION = YES;
				GCC_WARN_ABOUT_RETURN_TYPE = YES_ERROR;
				GCC_WARN_UNDECLARED_SELECTOR = YES;
				GCC_WARN_UNINITIALIZED_AUTOS = YES_AGGRESSIVE;
				GCC_WARN_UNUSED_FUNCTION = YES;
				GCC_WARN_UNUSED_VARIABLE = YES;
				IPHONEOS_DEPLOYMENT_TARGET = 9.3;
				MTL_ENABLE_DEBUG_INFO = NO;
				SDKROOT = iphoneos;
				VALIDATE_PRODUCT = YES;
			};
			name = Release;
		};
		497D36491D10B32F006B4608 /* Debug */ = {
			isa = XCBuildConfiguration;
			buildSettings = {
				ASSETCATALOG_COMPILER_APPICON_NAME = AppIcon;
				INFOPLIST_FILE = ComedyErrors/Info.plist;
				LD_RUNPATH_SEARCH_PATHS = "$(inherited) @executable_path/Frameworks";
				PRODUCT_BUNDLE_IDENTIFIER = V3.ComedyErrors;
				PRODUCT_NAME = "$(TARGET_NAME)";
			};
			name = Debug;
		};
		497D364A1D10B32F006B4608 /* Release */ = {
			isa = XCBuildConfiguration;
			buildSettings = {
				ASSETCATALOG_COMPILER_APPICON_NAME = AppIcon;
				INFOPLIST_FILE = ComedyErrors/Info.plist;
				LD_RUNPATH_SEARCH_PATHS = "$(inherited) @executable_path/Frameworks";
				PRODUCT_BUNDLE_IDENTIFIER = V3.ComedyErrors;
				PRODUCT_NAME = "$(TARGET_NAME)";
			};
			name = Release;
		};
		497D364C1D10B32F006B4608 /* Debug */ = {
			isa = XCBuildConfiguration;
			buildSettings = {
				BUNDLE_LOADER = "$(TEST_HOST)";
				INFOPLIST_FILE = ComedyErrorsTests/Info.plist;
				LD_RUNPATH_SEARCH_PATHS = "$(inherited) @executable_path/Frameworks @loader_path/Frameworks";
				PRODUCT_BUNDLE_IDENTIFIER = V3.ComedyErrorsTests;
				PRODUCT_NAME = "$(TARGET_NAME)";
				TEST_HOST = "$(BUILT_PRODUCTS_DIR)/ComedyErrors.app/ComedyErrors";
			};
			name = Debug;
		};
		497D364D1D10B32F006B4608 /* Release */ = {
			isa = XCBuildConfiguration;
			buildSettings = {
				BUNDLE_LOADER = "$(TEST_HOST)";
				INFOPLIST_FILE = ComedyErrorsTests/Info.plist;
				LD_RUNPATH_SEARCH_PATHS = "$(inherited) @executable_path/Frameworks @loader_path/Frameworks";
				PRODUCT_BUNDLE_IDENTIFIER = V3.ComedyErrorsTests;
				PRODUCT_NAME = "$(TARGET_NAME)";
				TEST_HOST = "$(BUILT_PRODUCTS_DIR)/ComedyErrors.app/ComedyErrors";
			};
			name = Release;
		};
		497D364F1D10B32F006B4608 /* Debug */ = {
			isa = XCBuildConfiguration;
			buildSettings = {
				INFOPLIST_FILE = ComedyErrorsUITests/Info.plist;
				LD_RUNPATH_SEARCH_PATHS = "$(inherited) @executable_path/Frameworks @loader_path/Frameworks";
				PRODUCT_BUNDLE_IDENTIFIER = V3.ComedyErrorsUITests;
				PRODUCT_NAME = "$(TARGET_NAME)";
				TEST_TARGET_NAME = ComedyErrors;
			};
			name = Debug;
		};
		497D36501D10B32F006B4608 /* Release */ = {
			isa = XCBuildConfiguration;
			buildSettings = {
				INFOPLIST_FILE = ComedyErrorsUITests/Info.plist;
				LD_RUNPATH_SEARCH_PATHS = "$(inherited) @executable_path/Frameworks @loader_path/Frameworks";
				PRODUCT_BUNDLE_IDENTIFIER = V3.ComedyErrorsUITests;
				PRODUCT_NAME = "$(TARGET_NAME)";
				TEST_TARGET_NAME = ComedyErrors;
			};
			name = Release;
		};
/* End XCBuildConfiguration section */

/* Begin XCConfigurationList section */
		497D361B1D10B32F006B4608 /* Build configuration list for PBXProject "ComedyErrors" */ = {
			isa = XCConfigurationList;
			buildConfigurations = (
				497D36461D10B32F006B4608 /* Debug */,
				497D36471D10B32F006B4608 /* Release */,
			);
			defaultConfigurationIsVisible = 0;
			defaultConfigurationName = Release;
		};
		497D36481D10B32F006B4608 /* Build configuration list for PBXNativeTarget "ComedyErrors" */ = {
			isa = XCConfigurationList;
			buildConfigurations = (
				497D36491D10B32F006B4608 /* Debug */,
				497D364A1D10B32F006B4608 /* Release */,
			);
			defaultConfigurationIsVisible = 0;
			defaultConfigurationName = Release;
		};
		497D364B1D10B32F006B4608 /* Build configuration list for PBXNativeTarget "ComedyErrorsTests" */ = {
			isa = XCConfigurationList;
			buildConfigurations = (
				497D364C1D10B32F006B4608 /* Debug */,
				497D364D1D10B32F006B4608 /* Release */,
			);
			defaultConfigurationIsVisible = 0;
			defaultConfigurationName = Release;
		};
		497D364E1D10B32F006B4608 /* Build configuration list for PBXNativeTarget "ComedyErrorsUITests" */ = {
			isa = XCConfigurationList;
			buildConfigurations = (
				497D364F1D10B32F006B4608 /* Debug */,
				497D36501D10B32F006B4608 /* Release */,
			);
			defaultConfigurationIsVisible = 0;
			defaultConfigurationName = Release;
		};
/* End XCConfigurationList section */
	};
	rootObject = 497D36181D10B32F006B4608 /* Project object */;
}
